
Microsoft Visual Studio Solution File, Format Version 12.00
# Visual Studio Version 16
VisualStudioVersion = 16.0.31129.286
MinimumVisualStudioVersion = 10.0.40219.1
Project("{FAE04EC0-301F-11D3-BF4B-00C04F79EFBC}") = "WinFormsApp1", "WinFormsApp1\WinFormsApp1.csproj", "{FF650C37-0861-4CB7-8543-84ACC7419A03}"
EndProject
Global
	GlobalSection(SolutionConfigurationPlatforms) = preSolution
		Debug|Any CPU = Debug|Any CPU
		Release|Any CPU = Release|Any CPU
	EndGlobalSection
	GlobalSection(ProjectConfigurationPlatforms) = postSolution
		{FF650C37-0861-4CB7-8543-84ACC7419A03}.Debug|Any CPU.ActiveCfg = Debug|Any CPU
		{FF650C37-0861-4CB7-8543-84ACC7419A03}.Debug|Any CPU.Build.0 = Debug|Any CPU
		{FF650C37-0861-4CB7-8543-84ACC7419A03}.Release|Any CPU.ActiveCfg = Release|Any CPU
		{FF650C37-0861-4CB7-8543-84ACC7419A03}.Release|Any CPU.Build.0 = Release|Any CPU
	EndGlobalSection
	GlobalSection(SolutionProperties) = preSolution
		HideSolutionNode = FALSE
	EndGlobalSection
	GlobalSection(ExtensibilityGlobals) = postSolution
		SolutionGuid = {DED27675-AB85-4E9E-972B-1767D4CCFE3A}
	EndGlobalSection
EndGlobal
