
Microsoft Visual Studio Solution File, Format Version 12.00
# Visual Studio Version 16
VisualStudioVersion = 16.0.31129.286
MinimumVisualStudioVersion = 10.0.40219.1
Project("{FAE04EC0-301F-11D3-BF4B-00C04F79EFBC}") = "Tree", "Tree\Tree.csproj", "{32B9D213-E8BF-497D-A81D-B21DBD6C6C25}"
EndProject
Global
	GlobalSection(SolutionConfigurationPlatforms) = preSolution
		Debug|Any CPU = Debug|Any CPU
		Release|Any CPU = Release|Any CPU
	EndGlobalSection
	GlobalSection(ProjectConfigurationPlatforms) = postSolution
		{32B9D213-E8BF-497D-A81D-B21DBD6C6C25}.Debug|Any CPU.ActiveCfg = Debug|Any CPU
		{32B9D213-E8BF-497D-A81D-B21DBD6C6C25}.Debug|Any CPU.Build.0 = Debug|Any CPU
		{32B9D213-E8BF-497D-A81D-B21DBD6C6C25}.Release|Any CPU.ActiveCfg = Release|Any CPU
		{32B9D213-E8BF-497D-A81D-B21DBD6C6C25}.Release|Any CPU.Build.0 = Release|Any CPU
	EndGlobalSection
	GlobalSection(SolutionProperties) = preSolution
		HideSolutionNode = FALSE
	EndGlobalSection
	GlobalSection(ExtensibilityGlobals) = postSolution
		SolutionGuid = {01C3A5FA-A6C2-4381-8FF2-CD6718A3BC54}
	EndGlobalSection
EndGlobal
